
Microsoft Visual Studio Solution File, Format Version 12.00
# Visual Studio 15
VisualStudioVersion = 15.0.27703.2042
MinimumVisualStudioVersion = 10.0.40219.1
Project("{FAE04EC0-301F-11D3-BF4B-00C04F79EFBC}") = "DMVBot4", "DMVBot4\DMVBot4.csproj", "{190A666D-C510-4FEF-AA95-AA5E5965D0BC}"
EndProject
Global
	GlobalSection(SolutionConfigurationPlatforms) = preSolution
		Debug|Any CPU = Debug|Any CPU
		Release|Any CPU = Release|Any CPU
	EndGlobalSection
	GlobalSection(ProjectConfigurationPlatforms) = postSolution
		{190A666D-C510-4FEF-AA95-AA5E5965D0BC}.Debug|Any CPU.ActiveCfg = Debug|Any CPU
		{190A666D-C510-4FEF-AA95-AA5E5965D0BC}.Debug|Any CPU.Build.0 = Debug|Any CPU
		{190A666D-C510-4FEF-AA95-AA5E5965D0BC}.Release|Any CPU.ActiveCfg = Release|Any CPU
		{190A666D-C510-4FEF-AA95-AA5E5965D0BC}.Release|Any CPU.Build.0 = Release|Any CPU
	EndGlobalSection
	GlobalSection(SolutionProperties) = preSolution
		HideSolutionNode = FALSE
	EndGlobalSection
	GlobalSection(ExtensibilityGlobals) = postSolution
		SolutionGuid = {D6B4826F-14E4-4545-B875-7423DB0F3337}
	EndGlobalSection
EndGlobal
